
Microsoft Visual Studio Solution File, Format Version 12.00
# Visual Studio Version 16
VisualStudioVersion = 16.0.29102.190
MinimumVisualStudioVersion = 10.0.40219.1
Project("{FAE04EC0-301F-11D3-BF4B-00C04F79EFBC}") = "class_v4_properties", "class_v4_properties\class_v4_properties.csproj", "{C078D140-EC4D-4EA7-B425-4CE371305A93}"
EndProject
Global
	GlobalSection(SolutionConfigurationPlatforms) = preSolution
		Debug|Any CPU = Debug|Any CPU
		Release|Any CPU = Release|Any CPU
	EndGlobalSection
	GlobalSection(ProjectConfigurationPlatforms) = postSolution
		{C078D140-EC4D-4EA7-B425-4CE371305A93}.Debug|Any CPU.ActiveCfg = Debug|Any CPU
		{C078D140-EC4D-4EA7-B425-4CE371305A93}.Debug|Any CPU.Build.0 = Debug|Any CPU
		{C078D140-EC4D-4EA7-B425-4CE371305A93}.Release|Any CPU.ActiveCfg = Release|Any CPU
		{C078D140-EC4D-4EA7-B425-4CE371305A93}.Release|Any CPU.Build.0 = Release|Any CPU
	EndGlobalSection
	GlobalSection(SolutionProperties) = preSolution
		HideSolutionNode = FALSE
	EndGlobalSection
	GlobalSection(ExtensibilityGlobals) = postSolution
		SolutionGuid = {2C82ED4B-DF11-49EF-8133-6E709BDF6961}
	EndGlobalSection
EndGlobal
